
Microsoft Visual Studio Solution File, Format Version 12.00
# Visual Studio Version 16
VisualStudioVersion = 16.0.30621.155
MinimumVisualStudioVersion = 10.0.40219.1
Project("{FAE04EC0-301F-11D3-BF4B-00C04F79EFBC}") = "Common", "Common\Common.csproj", "{38BD8582-493F-4555-90BF-3A2367AB3BF2}"
EndProject
Project("{FAE04EC0-301F-11D3-BF4B-00C04F79EFBC}") = "BL", "BL\BL.csproj", "{C09E0F28-EBE7-4775-8EA8-E7AC96C5083B}"
EndProject
Project("{FAE04EC0-301F-11D3-BF4B-00C04F79EFBC}") = "DAL", "DAL\DAL.csproj", "{8A50287A-5A90-4CBD-AE51-D38A119FC281}"
EndProject
Project("{FAE04EC0-301F-11D3-BF4B-00C04F79EFBC}") = "UnitTests", "UnitTests\UnitTests.csproj", "{BCC07F64-14A9-4997-BF0C-A4B408BDC86C}"
EndProject
Project("{FAE04EC0-301F-11D3-BF4B-00C04F79EFBC}") = "Server", "Server\Server.csproj", "{2D53B837-40E7-40AF-905A-4C2B201C68E3}"
EndProject
Project("{FAE04EC0-301F-11D3-BF4B-00C04F79EFBC}") = "Simulator", "Simulator\Simulator.csproj", "{E0EB1611-15C9-4B8C-9952-C53FD5F75EF7}"
EndProject
Global
	GlobalSection(SolutionConfigurationPlatforms) = preSolution
		Debug|Any CPU = Debug|Any CPU
		Release|Any CPU = Release|Any CPU
	EndGlobalSection
	GlobalSection(ProjectConfigurationPlatforms) = postSolution
		{38BD8582-493F-4555-90BF-3A2367AB3BF2}.Debug|Any CPU.ActiveCfg = Debug|Any CPU
		{38BD8582-493F-4555-90BF-3A2367AB3BF2}.Debug|Any CPU.Build.0 = Debug|Any CPU
		{38BD8582-493F-4555-90BF-3A2367AB3BF2}.Release|Any CPU.ActiveCfg = Release|Any CPU
		{38BD8582-493F-4555-90BF-3A2367AB3BF2}.Release|Any CPU.Build.0 = Release|Any CPU
		{C09E0F28-EBE7-4775-8EA8-E7AC96C5083B}.Debug|Any CPU.ActiveCfg = Debug|Any CPU
		{C09E0F28-EBE7-4775-8EA8-E7AC96C5083B}.Debug|Any CPU.Build.0 = Debug|Any CPU
		{C09E0F28-EBE7-4775-8EA8-E7AC96C5083B}.Release|Any CPU.ActiveCfg = Release|Any CPU
		{C09E0F28-EBE7-4775-8EA8-E7AC96C5083B}.Release|Any CPU.Build.0 = Release|Any CPU
		{8A50287A-5A90-4CBD-AE51-D38A119FC281}.Debug|Any CPU.ActiveCfg = Debug|Any CPU
		{8A50287A-5A90-4CBD-AE51-D38A119FC281}.Debug|Any CPU.Build.0 = Debug|Any CPU
		{8A50287A-5A90-4CBD-AE51-D38A119FC281}.Release|Any CPU.ActiveCfg = Release|Any CPU
		{8A50287A-5A90-4CBD-AE51-D38A119FC281}.Release|Any CPU.Build.0 = Release|Any CPU
		{BCC07F64-14A9-4997-BF0C-A4B408BDC86C}.Debug|Any CPU.ActiveCfg = Debug|Any CPU
		{BCC07F64-14A9-4997-BF0C-A4B408BDC86C}.Debug|Any CPU.Build.0 = Debug|Any CPU
		{BCC07F64-14A9-4997-BF0C-A4B408BDC86C}.Release|Any CPU.ActiveCfg = Release|Any CPU
		{BCC07F64-14A9-4997-BF0C-A4B408BDC86C}.Release|Any CPU.Build.0 = Release|Any CPU
		{2D53B837-40E7-40AF-905A-4C2B201C68E3}.Debug|Any CPU.ActiveCfg = Debug|Any CPU
		{2D53B837-40E7-40AF-905A-4C2B201C68E3}.Debug|Any CPU.Build.0 = Debug|Any CPU
		{2D53B837-40E7-40AF-905A-4C2B201C68E3}.Release|Any CPU.ActiveCfg = Release|Any CPU
		{2D53B837-40E7-40AF-905A-4C2B201C68E3}.Release|Any CPU.Build.0 = Release|Any CPU
		{E0EB1611-15C9-4B8C-9952-C53FD5F75EF7}.Debug|Any CPU.ActiveCfg = Debug|Any CPU
		{E0EB1611-15C9-4B8C-9952-C53FD5F75EF7}.Debug|Any CPU.Build.0 = Debug|Any CPU
		{E0EB1611-15C9-4B8C-9952-C53FD5F75EF7}.Release|Any CPU.ActiveCfg = Release|Any CPU
		{E0EB1611-15C9-4B8C-9952-C53FD5F75EF7}.Release|Any CPU.Build.0 = Release|Any CPU
	EndGlobalSection
	GlobalSection(SolutionProperties) = preSolution
		HideSolutionNode = FALSE
	EndGlobalSection
	GlobalSection(ExtensibilityGlobals) = postSolution
		SolutionGuid = {AEDA0E0B-1DCF-4B69-83F7-01B903E285AD}
	EndGlobalSection
EndGlobal
